
Microsoft Visual Studio Solution File, Format Version 12.00
# Visual Studio Version 17
VisualStudioVersion = 17.5.002.0
MinimumVisualStudioVersion = 10.0.40219.1
Project("{9A19103F-16F7-4668-BE54-9A1E7A4F7556}") = "RentalHouseApi", "RentalHouseApi\RentalHouseApi.csproj", "{C5173680-EDB9-4A13-8CAE-BD72A18F9617}"
EndProject
Global
	GlobalSection(SolutionConfigurationPlatforms) = preSolution
		Debug|Any CPU = Debug|Any CPU
		Release|Any CPU = Release|Any CPU
	EndGlobalSection
	GlobalSection(ProjectConfigurationPlatforms) = postSolution
		{C5173680-EDB9-4A13-8CAE-BD72A18F9617}.Debug|Any CPU.ActiveCfg = Debug|Any CPU
		{C5173680-EDB9-4A13-8CAE-BD72A18F9617}.Debug|Any CPU.Build.0 = Debug|Any CPU
		{C5173680-EDB9-4A13-8CAE-BD72A18F9617}.Release|Any CPU.ActiveCfg = Release|Any CPU
		{C5173680-EDB9-4A13-8CAE-BD72A18F9617}.Release|Any CPU.Build.0 = Release|Any CPU
	EndGlobalSection
	GlobalSection(SolutionProperties) = preSolution
		HideSolutionNode = FALSE
	EndGlobalSection
	GlobalSection(ExtensibilityGlobals) = postSolution
		SolutionGuid = {471BC7D3-475A-47DB-BB38-92CBE8A362E1}
	EndGlobalSection
EndGlobal
